{
  "nodes": {
    "chez-exe": {
      "inputs": {
        "nixpkgs": "nixpkgs",
        "utils": "utils"
      },
      "locked": {
        "lastModified": 1769510086,
        "narHash": "sha256-xINYSh4mb+WnzbonOiPDe1Ici7NeMP15V5Hv0YEAoLI=",
        "owner": "tkerber",
        "repo": "chez-exe",
        "rev": "c461925100efc25ada0e3f3b0844bdf1ba337b51",
        "type": "github"
      },
      "original": {
        "owner": "tkerber",
        "repo": "chez-exe",
        "type": "github"
      }
    },
    "fenix": {
      "inputs": {
        "nixpkgs": "nixpkgs_4",
        "rust-analyzer-src": "rust-analyzer-src"
      },
      "locked": {
        "lastModified": 1776931971,
        "narHash": "sha256-3ZcWjBpZKsiWT0X9CSa6zG+Zk4ZRAmh56KYrm2iRqKU=",
        "owner": "nix-community",
        "repo": "fenix",
        "rev": "5b3016c5f8cdd37d5e557646d369ce76e30666de",
        "type": "github"
      },
      "original": {
        "owner": "nix-community",
        "repo": "fenix",
        "type": "github"
      }
    },
    "fenix_2": {
      "inputs": {
        "nixpkgs": "nixpkgs_6",
        "rust-analyzer-src": "rust-analyzer-src_2"
      },
      "locked": {
        "lastModified": 1776931971,
        "narHash": "sha256-3ZcWjBpZKsiWT0X9CSa6zG+Zk4ZRAmh56KYrm2iRqKU=",
        "owner": "nix-community",
        "repo": "fenix",
        "rev": "5b3016c5f8cdd37d5e557646d369ce76e30666de",
        "type": "github"
      },
      "original": {
        "owner": "nix-community",
        "repo": "fenix",
        "type": "github"
      }
    },
    "fenix_3": {
      "inputs": {
        "nixpkgs": "nixpkgs_8",
        "rust-analyzer-src": "rust-analyzer-src_3"
      },
      "locked": {
        "lastModified": 1788433075,
        "narHash": "sha256-8j/0mNhbRbJQ7KyGxtS3vEeNhT5cK8NEM2ZQr03uOrU=",
        "owner": "nix-community",
        "repo": "fenix",
        "rev": "c957e2d0e505ad7be04c7f2f2f3d7885fb9e242c",
        "type": "github"
      },
      "original": {
        "owner": "nix-community",
        "repo": "fenix",
        "type": "github"
      }
    },
    "fenix_4": {
      "inputs": {
        "nixpkgs": "nixpkgs_10",
        "rust-analyzer-src": "rust-analyzer-src_4"
      },
      "locked": {
        "lastModified": 1788433075,
        "narHash": "sha256-8j/0mNhbRbJQ7KyGxtS3vEeNhT5cK8NEM2ZQr03uOrU=",
        "owner": "nix-community",
        "repo": "fenix",
        "rev": "c957e2d0e505ad7be04c7f2f2f3d7885fb9e242c",
        "type": "github"
      },
      "original": {
        "owner": "nix-community",
        "repo": "fenix",
        "type": "github"
      }
    },
    "fenix_5": {
      "inputs": {
        "nixpkgs": "nixpkgs_12",
        "rust-analyzer-src": "rust-analyzer-src_5"
      },
      "locked": {
        "lastModified": 1776931971,
        "narHash": "sha256-3ZcWjBpZKsiWT0X9CSa6zG+Zk4ZRAmh56KYrm2iRqKU=",
        "owner": "nix-community",
        "repo": "fenix",
        "rev": "5b3016c5f8cdd37d5e557646d369ce76e30666de",
        "type": "github"
      },
      "original": {
        "owner": "nix-community",
        "repo": "fenix",
        "type": "github"
      }
    },
    "inclusive": {
      "inputs": {
        "stdlib": "stdlib"
      },
      "locked": {
        "lastModified": 1628098927,
        "narHash": "sha256-Ft4sdf7VPL8MQtu18AAPiN2s5pUsbv+3RxqzJSa/yzg=",
        "owner": "input-output-hk",
        "repo": "nix-inclusive",
        "rev": "13123eb7a8c3359738a4756b8d645729e8655b27",
        "type": "github"
      },
      "original": {
        "owner": "input-output-hk",
        "repo": "nix-inclusive",
        "type": "github"
      }
    },
    "inclusive_2": {
      "inputs": {
        "stdlib": "stdlib_2"
      },
      "locked": {
        "lastModified": 1628098927,
        "narHash": "sha256-Ft4sdf7VPL8MQtu18AAPiN2s5pUsbv+3RxqzJSa/yzg=",
        "owner": "input-output-hk",
        "repo": "nix-inclusive",
        "rev": "13123eb7a8c3359738a4756b8d645729e8655b27",
        "type": "github"
      },
      "original": {
        "owner": "input-output-hk",
        "repo": "nix-inclusive",
        "type": "github"
      }
    },
    "inclusive_3": {
      "inputs": {
        "stdlib": "stdlib_3"
      },
      "locked": {
        "lastModified": 1628098927,
        "narHash": "sha256-Ft4sdf7VPL8MQtu18AAPiN2s5pUsbv+3RxqzJSa/yzg=",
        "owner": "input-output-hk",
        "repo": "nix-inclusive",
        "rev": "13123eb7a8c3359738a4756b8d645729e8655b27",
        "type": "github"
      },
      "original": {
        "owner": "input-output-hk",
        "repo": "nix-inclusive",
        "type": "github"
      }
    },
    "inclusive_4": {
      "inputs": {
        "stdlib": "stdlib_4"
      },
      "locked": {
        "lastModified": 1628098927,
        "narHash": "sha256-Ft4sdf7VPL8MQtu18AAPiN2s5pUsbv+3RxqzJSa/yzg=",
        "owner": "input-output-hk",
        "repo": "nix-inclusive",
        "rev": "13123eb7a8c3359738a4756b8d645729e8655b27",
        "type": "github"
      },
      "original": {
        "owner": "input-output-hk",
        "repo": "nix-inclusive",
        "type": "github"
      }
    },
    "inclusive_5": {
      "inputs": {
        "stdlib": "stdlib_5"
      },
      "locked": {
        "lastModified": 1628098927,
        "narHash": "sha256-Ft4sdf7VPL8MQtu18AAPiN2s5pUsbv+3RxqzJSa/yzg=",
        "owner": "input-output-hk",
        "repo": "nix-inclusive",
        "rev": "13123eb7a8c3359738a4756b8d645729e8655b27",
        "type": "github"
      },
      "original": {
        "owner": "input-output-hk",
        "repo": "nix-inclusive",
        "type": "github"
      }
    },
    "inclusive_6": {
      "inputs": {
        "stdlib": "stdlib_6"
      },
      "locked": {
        "lastModified": 1628098927,
        "narHash": "sha256-Ft4sdf7VPL8MQtu18AAPiN2s5pUsbv+3RxqzJSa/yzg=",
        "owner": "input-output-hk",
        "repo": "nix-inclusive",
        "rev": "13123eb7a8c3359738a4756b8d645729e8655b27",
        "type": "github"
      },
      "original": {
        "owner": "input-output-hk",
        "repo": "nix-inclusive",
        "type": "github"
      }
    },
    "n2c": {
      "inputs": {
        "nixpkgs": "nixpkgs_2"
      },
      "locked": {
        "lastModified": 1775487831,
        "narHash": "sha256-2lguQpLPQaxpQCJjXhmEEAfabwsAhkP29Z7fgLzHARA=",
        "owner": "nlewo",
        "repo": "nix2container",
        "rev": "76be9608a7f4d6c985d28b0e7be903ae2547df3e",
        "type": "github"
      },
      "original": {
        "owner": "nlewo",
        "repo": "nix2container",
        "type": "github"
      }
    },
    "nixpkgs": {
      "locked": {
        "lastModified": 1715702635,
        "narHash": "sha256-wIN6uPI3n90x4EXGtJHBZHLUj9pH03boc+Z0gqO0Hys=",
        "owner": "nixos",
        "repo": "nixpkgs",
        "rev": "c4ce542c774aa505fd80d86d9d5de51349328e43",
        "type": "github"
      },
      "original": {
        "owner": "nixos",
        "repo": "nixpkgs",
        "type": "github"
      }
    },
    "nixpkgs_10": {
      "locked": {
        "lastModified": 1788316716,
        "narHash": "sha256-bc7rSpXIdn9QWGNqfWcPZWOhEVF8NoeAZkWq0XWnf/k=",
        "owner": "nixos",
        "repo": "nixpkgs",
        "rev": "3ed67ec0a4d3c7ab4ae1f04f8ee8df07bfa506a2",
        "type": "github"
      },
      "original": {
        "owner": "nixos",
        "ref": "nixos-unstable",
        "repo": "nixpkgs",
        "type": "github"
      }
    },
    "nixpkgs_11": {
      "locked": {
        "lastModified": 1788372231,
        "narHash": "sha256-7aqErvrAEz/5OcPA5p3M+tVOqeYc4oJXkNIPXfCqxAw=",
        "owner": "NixOS",
        "repo": "nixpkgs",
        "rev": "9387b3fcc0c23c86661636da63faabad4235a0a6",
        "type": "github"
      },
      "original": {
        "owner": "NixOS",
        "ref": "nixpkgs-unstable",
        "repo": "nixpkgs",
        "type": "github"
      }
    },
    "nixpkgs_12": {
      "locked": {
        "lastModified": 1776548001,
        "narHash": "sha256-ZSK0NL4a1BwVbbTBoSnWgbJy9HeZFXLYQizjb2DPF24=",
        "owner": "nixos",
        "repo": "nixpkgs",
        "rev": "b12141ef619e0a9c1c84dc8c684040326f27cdcc",
        "type": "github"
      },
      "original": {
        "owner": "nixos",
        "ref": "nixos-unstable",
        "repo": "nixpkgs",
        "type": "github"
      }
    },
    "nixpkgs_13": {
      "locked": {
        "lastModified": 1776329215,
        "narHash": "sha256-a8BYi3mzoJ/AcJP8UldOx8emoPRLeWqALZWu4ZvjPXw=",
        "owner": "NixOS",
        "repo": "nixpkgs",
        "rev": "b86751bc4085f48661017fa226dee99fab6c651b",
        "type": "github"
      },
      "original": {
        "owner": "NixOS",
        "ref": "nixpkgs-unstable",
        "repo": "nixpkgs",
        "type": "github"
      }
    },
    "nixpkgs_2": {
      "locked": {
        "lastModified": 1767028467,
        "narHash": "sha256-7G+2aXClSMaTY1ogpX14CAxjRsvyVzpE0GRwL71WO7g=",
        "owner": "NixOS",
        "repo": "nixpkgs",
        "rev": "1cabc318c11299f07ca53e3cb719854682fe6eb3",
        "type": "github"
      },
      "original": {
        "owner": "NixOS",
        "repo": "nixpkgs",
        "type": "github"
      }
    },
    "nixpkgs_3": {
      "locked": {
        "lastModified": 1771423170,
        "narHash": "sha256-K7Dg9TQ0mOcAtWTO/FX/FaprtWQ8BmEXTpLIaNRhEwU=",
        "owner": "NixOS",
        "repo": "nixpkgs",
        "rev": "bcc4a9d9533c033d806a46b37dc444f9b0da49dd",
        "type": "github"
      },
      "original": {
        "owner": "NixOS",
        "ref": "nixpkgs-unstable",
        "repo": "nixpkgs",
        "type": "github"
      }
    },
    "nixpkgs_4": {
      "locked": {
        "lastModified": 1776548001,
        "narHash": "sha256-ZSK0NL4a1BwVbbTBoSnWgbJy9HeZFXLYQizjb2DPF24=",
        "owner": "nixos",
        "repo": "nixpkgs",
        "rev": "b12141ef619e0a9c1c84dc8c684040326f27cdcc",
        "type": "github"
      },
      "original": {
        "owner": "nixos",
        "ref": "nixos-unstable",
        "repo": "nixpkgs",
        "type": "github"
      }
    },
    "nixpkgs_5": {
      "locked": {
        "lastModified": 1776329215,
        "narHash": "sha256-a8BYi3mzoJ/AcJP8UldOx8emoPRLeWqALZWu4ZvjPXw=",
        "owner": "NixOS",
        "repo": "nixpkgs",
        "rev": "b86751bc4085f48661017fa226dee99fab6c651b",
        "type": "github"
      },
      "original": {
        "owner": "NixOS",
        "ref": "nixpkgs-unstable",
        "repo": "nixpkgs",
        "type": "github"
      }
    },
    "nixpkgs_6": {
      "locked": {
        "lastModified": 1776548001,
        "narHash": "sha256-ZSK0NL4a1BwVbbTBoSnWgbJy9HeZFXLYQizjb2DPF24=",
        "owner": "nixos",
        "repo": "nixpkgs",
        "rev": "b12141ef619e0a9c1c84dc8c684040326f27cdcc",
        "type": "github"
      },
      "original": {
        "owner": "nixos",
        "ref": "nixos-unstable",
        "repo": "nixpkgs",
        "type": "github"
      }
    },
    "nixpkgs_7": {
      "locked": {
        "lastModified": 1776329215,
        "narHash": "sha256-a8BYi3mzoJ/AcJP8UldOx8emoPRLeWqALZWu4ZvjPXw=",
        "owner": "NixOS",
        "repo": "nixpkgs",
        "rev": "b86751bc4085f48661017fa226dee99fab6c651b",
        "type": "github"
      },
      "original": {
        "owner": "NixOS",
        "ref": "nixpkgs-unstable",
        "repo": "nixpkgs",
        "type": "github"
      }
    },
    "nixpkgs_8": {
      "locked": {
        "lastModified": 1788316716,
        "narHash": "sha256-bc7rSpXIdn9QWGNqfWcPZWOhEVF8NoeAZkWq0XWnf/k=",
        "owner": "nixos",
        "repo": "nixpkgs",
        "rev": "3ed67ec0a4d3c7ab4ae1f04f8ee8df07bfa506a2",
        "type": "github"
      },
      "original": {
        "owner": "nixos",
        "ref": "nixos-unstable",
        "repo": "nixpkgs",
        "type": "github"
      }
    },
    "nixpkgs_9": {
      "locked": {
        "lastModified": 1788372231,
        "narHash": "sha256-7aqErvrAEz/5OcPA5p3M+tVOqeYc4oJXkNIPXfCqxAw=",
        "owner": "NixOS",
        "repo": "nixpkgs",
        "rev": "9387b3fcc0c23c86661636da63faabad4235a0a6",
        "type": "github"
      },
      "original": {
        "owner": "NixOS",
        "ref": "nixpkgs-unstable",
        "repo": "nixpkgs",
        "type": "github"
      }
    },
    "npmlock2nix": {
      "flake": false,
      "locked": {
        "lastModified": 1758100811,
        "narHash": "sha256-qJc3ffjHVXUdZqytKcDK9XZ2b3BQ1RdYfZFuYgxbrn4=",
        "owner": "nix-community",
        "repo": "npmlock2nix",
        "rev": "4d9060afbaa5f57ee0b8ef11c7044ed287a7d302",
        "type": "github"
      },
      "original": {
        "owner": "nix-community",
        "repo": "npmlock2nix",
        "type": "github"
      }
    },
    "onchain-runtime-v5": {
      "inputs": {
        "fenix": "fenix",
        "inclusive": "inclusive_2",
        "nixpkgs": "nixpkgs_5",
        "utils": "utils_2"
      },
      "locked": {
        "lastModified": 1789384455,
        "narHash": "sha256-w/f0Vs2DanTB2c+j3MFZ+eIknkLIhvoivhGJgMCL+EA=",
        "owner": "midnightntwrk",
        "repo": "midnight-ledger",
        "rev": "a3b17c6a5ef632790f78e7b44bef5e4ab232dbf4",
        "type": "github"
      },
      "original": {
        "owner": "midnightntwrk",
        "ref": "ledger-10",
        "repo": "midnight-ledger",
        "type": "github"
      }
    },
    "root": {
      "inputs": {
        "chez-exe": "chez-exe",
        "inclusive": "inclusive",
        "n2c": "n2c",
        "nixpkgs": "nixpkgs_3",
        "npmlock2nix": "npmlock2nix",
        "onchain-runtime-v5": "onchain-runtime-v5",
        "utils": "utils_3",
        "zkir": "zkir",
        "zkir-v3": "zkir-v3",
        "zkir-v3-wasm": "zkir-v3-wasm",
        "zkir-wasm": "zkir-wasm"
      }
    },
    "rust-analyzer-src": {
      "flake": false,
      "locked": {
        "lastModified": 1776800521,
        "narHash": "sha256-f8YJfwAOsLFpIoqZuX3yF69UvMLrkx7iVzMH1pJU7cM=",
        "owner": "rust-lang",
        "repo": "rust-analyzer",
        "rev": "8954b66d43225e62c92e8bbcc8500191b5cceb1e",
        "type": "github"
      },
      "original": {
        "owner": "rust-lang",
        "ref": "nightly",
        "repo": "rust-analyzer",
        "type": "github"
      }
    },
    "rust-analyzer-src_2": {
      "flake": false,
      "locked": {
        "lastModified": 1776800521,
        "narHash": "sha256-f8YJfwAOsLFpIoqZuX3yF69UvMLrkx7iVzMH1pJU7cM=",
        "owner": "rust-lang",
        "repo": "rust-analyzer",
        "rev": "8954b66d43225e62c92e8bbcc8500191b5cceb1e",
        "type": "github"
      },
      "original": {
        "owner": "rust-lang",
        "ref": "nightly",
        "repo": "rust-analyzer",
        "type": "github"
      }
    },
    "rust-analyzer-src_3": {
      "flake": false,
      "locked": {
        "lastModified": 1788394718,
        "narHash": "sha256-Dyr++cx/ODeP4T4PdaaW7gX8TH9IQs7kScZdi9aMn2s=",
        "owner": "rust-lang",
        "repo": "rust-analyzer",
        "rev": "bf25c45e974ab01bf46bc9fdca0f8b2fde66ae27",
        "type": "github"
      },
      "original": {
        "owner": "rust-lang",
        "ref": "nightly",
        "repo": "rust-analyzer",
        "type": "github"
      }
    },
    "rust-analyzer-src_4": {
      "flake": false,
      "locked": {
        "lastModified": 1788394718,
        "narHash": "sha256-Dyr++cx/ODeP4T4PdaaW7gX8TH9IQs7kScZdi9aMn2s=",
        "owner": "rust-lang",
        "repo": "rust-analyzer",
        "rev": "bf25c45e974ab01bf46bc9fdca0f8b2fde66ae27",
        "type": "github"
      },
      "original": {
        "owner": "rust-lang",
        "ref": "nightly",
        "repo": "rust-analyzer",
        "type": "github"
      }
    },
    "rust-analyzer-src_5": {
      "flake": false,
      "locked": {
        "lastModified": 1776800521,
        "narHash": "sha256-f8YJfwAOsLFpIoqZuX3yF69UvMLrkx7iVzMH1pJU7cM=",
        "owner": "rust-lang",
        "repo": "rust-analyzer",
        "rev": "8954b66d43225e62c92e8bbcc8500191b5cceb1e",
        "type": "github"
      },
      "original": {
        "owner": "rust-lang",
        "ref": "nightly",
        "repo": "rust-analyzer",
        "type": "github"
      }
    },
    "stdlib": {
      "locked": {
        "lastModified": 1590026685,
        "narHash": "sha256-E5INrVvYX/P/UpcoUFDAsuHem+lsqT+/teBs9O7oc9Q=",
        "owner": "manveru",
        "repo": "nix-lib",
        "rev": "99088cf7febcdb21afd375a335dcafa959bef3ed",
        "type": "github"
      },
      "original": {
        "owner": "manveru",
        "repo": "nix-lib",
        "type": "github"
      }
    },
    "stdlib_2": {
      "locked": {
        "lastModified": 1590026685,
        "narHash": "sha256-E5INrVvYX/P/UpcoUFDAsuHem+lsqT+/teBs9O7oc9Q=",
        "owner": "manveru",
        "repo": "nix-lib",
        "rev": "99088cf7febcdb21afd375a335dcafa959bef3ed",
        "type": "github"
      },
      "original": {
        "owner": "manveru",
        "repo": "nix-lib",
        "type": "github"
      }
    },
    "stdlib_3": {
      "locked": {
        "lastModified": 1590026685,
        "narHash": "sha256-E5INrVvYX/P/UpcoUFDAsuHem+lsqT+/teBs9O7oc9Q=",
        "owner": "manveru",
        "repo": "nix-lib",
        "rev": "99088cf7febcdb21afd375a335dcafa959bef3ed",
        "type": "github"
      },
      "original": {
        "owner": "manveru",
        "repo": "nix-lib",
        "type": "github"
      }
    },
    "stdlib_4": {
      "locked": {
        "lastModified": 1590026685,
        "narHash": "sha256-E5INrVvYX/P/UpcoUFDAsuHem+lsqT+/teBs9O7oc9Q=",
        "owner": "manveru",
        "repo": "nix-lib",
        "rev": "99088cf7febcdb21afd375a335dcafa959bef3ed",
        "type": "github"
      },
      "original": {
        "owner": "manveru",
        "repo": "nix-lib",
        "type": "github"
      }
    },
    "stdlib_5": {
      "locked": {
        "lastModified": 1590026685,
        "narHash": "sha256-E5INrVvYX/P/UpcoUFDAsuHem+lsqT+/teBs9O7oc9Q=",
        "owner": "manveru",
        "repo": "nix-lib",
        "rev": "99088cf7febcdb21afd375a335dcafa959bef3ed",
        "type": "github"
      },
      "original": {
        "owner": "manveru",
        "repo": "nix-lib",
        "type": "github"
      }
    },
    "stdlib_6": {
      "locked": {
        "lastModified": 1590026685,
        "narHash": "sha256-E5INrVvYX/P/UpcoUFDAsuHem+lsqT+/teBs9O7oc9Q=",
        "owner": "manveru",
        "repo": "nix-lib",
        "rev": "99088cf7febcdb21afd375a335dcafa959bef3ed",
        "type": "github"
      },
      "original": {
        "owner": "manveru",
        "repo": "nix-lib",
        "type": "github"
      }
    },
    "systems": {
      "locked": {
        "lastModified": 1681028828,
        "narHash": "sha256-Vy1rq5AaRuLzOxct8nz4T6wlgyUR7zLU309k9mBC768=",
        "owner": "nix-systems",
        "repo": "default",
        "rev": "da67096a3b9bf56a91d16901293e51ba5b49a27e",
        "type": "github"
      },
      "original": {
        "owner": "nix-systems",
        "repo": "default",
        "type": "github"
      }
    },
    "systems_2": {
      "locked": {
        "lastModified": 1681028828,
        "narHash": "sha256-Vy1rq5AaRuLzOxct8nz4T6wlgyUR7zLU309k9mBC768=",
        "owner": "nix-systems",
        "repo": "default",
        "rev": "da67096a3b9bf56a91d16901293e51ba5b49a27e",
        "type": "github"
      },
      "original": {
        "owner": "nix-systems",
        "repo": "default",
        "type": "github"
      }
    },
    "systems_3": {
      "locked": {
        "lastModified": 1681028828,
        "narHash": "sha256-Vy1rq5AaRuLzOxct8nz4T6wlgyUR7zLU309k9mBC768=",
        "owner": "nix-systems",
        "repo": "default",
        "rev": "da67096a3b9bf56a91d16901293e51ba5b49a27e",
        "type": "github"
      },
      "original": {
        "owner": "nix-systems",
        "repo": "default",
        "type": "github"
      }
    },
    "systems_4": {
      "locked": {
        "lastModified": 1681028828,
        "narHash": "sha256-Vy1rq5AaRuLzOxct8nz4T6wlgyUR7zLU309k9mBC768=",
        "owner": "nix-systems",
        "repo": "default",
        "rev": "da67096a3b9bf56a91d16901293e51ba5b49a27e",
        "type": "github"
      },
      "original": {
        "owner": "nix-systems",
        "repo": "default",
        "type": "github"
      }
    },
    "systems_5": {
      "locked": {
        "lastModified": 1681028828,
        "narHash": "sha256-Vy1rq5AaRuLzOxct8nz4T6wlgyUR7zLU309k9mBC768=",
        "owner": "nix-systems",
        "repo": "default",
        "rev": "da67096a3b9bf56a91d16901293e51ba5b49a27e",
        "type": "github"
      },
      "original": {
        "owner": "nix-systems",
        "repo": "default",
        "type": "github"
      }
    },
    "systems_6": {
      "locked": {
        "lastModified": 1681028828,
        "narHash": "sha256-Vy1rq5AaRuLzOxct8nz4T6wlgyUR7zLU309k9mBC768=",
        "owner": "nix-systems",
        "repo": "default",
        "rev": "da67096a3b9bf56a91d16901293e51ba5b49a27e",
        "type": "github"
      },
      "original": {
        "owner": "nix-systems",
        "repo": "default",
        "type": "github"
      }
    },
    "systems_7": {
      "locked": {
        "lastModified": 1681028828,
        "narHash": "sha256-Vy1rq5AaRuLzOxct8nz4T6wlgyUR7zLU309k9mBC768=",
        "owner": "nix-systems",
        "repo": "default",
        "rev": "da67096a3b9bf56a91d16901293e51ba5b49a27e",
        "type": "github"
      },
      "original": {
        "owner": "nix-systems",
        "repo": "default",
        "type": "github"
      }
    },
    "utils": {
      "inputs": {
        "systems": "systems"
      },
      "locked": {
        "lastModified": 1681202837,
        "narHash": "sha256-H+Rh19JDwRtpVPAWp64F+rlEtxUWBAQW28eAi3SRSzg=",
        "owner": "numtide",
        "repo": "flake-utils",
        "rev": "cfacdce06f30d2b68473a46042957675eebb3401",
        "type": "github"
      },
      "original": {
        "owner": "numtide",
        "repo": "flake-utils",
        "type": "github"
      }
    },
    "utils_2": {
      "inputs": {
        "systems": "systems_2"
      },
      "locked": {
        "lastModified": 1731533236,
        "narHash": "sha256-l0KFg5HjrsfsO/JpG+r7fRrqm12kzFHyUHqHCVpMMbI=",
        "owner": "numtide",
        "repo": "flake-utils",
        "rev": "11707dc2f618dd54ca8739b309ec4fc024de578b",
        "type": "github"
      },
      "original": {
        "owner": "numtide",
        "repo": "flake-utils",
        "type": "github"
      }
    },
    "utils_3": {
      "inputs": {
        "systems": "systems_3"
      },
      "locked": {
        "lastModified": 1731533236,
        "narHash": "sha256-l0KFg5HjrsfsO/JpG+r7fRrqm12kzFHyUHqHCVpMMbI=",
        "owner": "numtide",
        "repo": "flake-utils",
        "rev": "11707dc2f618dd54ca8739b309ec4fc024de578b",
        "type": "github"
      },
      "original": {
        "owner": "numtide",
        "repo": "flake-utils",
        "type": "github"
      }
    },
    "utils_4": {
      "inputs": {
        "systems": "systems_4"
      },
      "locked": {
        "lastModified": 1731533236,
        "narHash": "sha256-l0KFg5HjrsfsO/JpG+r7fRrqm12kzFHyUHqHCVpMMbI=",
        "owner": "numtide",
        "repo": "flake-utils",
        "rev": "11707dc2f618dd54ca8739b309ec4fc024de578b",
        "type": "github"
      },
      "original": {
        "owner": "numtide",
        "repo": "flake-utils",
        "type": "github"
      }
    },
    "utils_5": {
      "inputs": {
        "systems": "systems_5"
      },
      "locked": {
        "lastModified": 1731533236,
        "narHash": "sha256-l0KFg5HjrsfsO/JpG+r7fRrqm12kzFHyUHqHCVpMMbI=",
        "owner": "numtide",
        "repo": "flake-utils",
        "rev": "11707dc2f618dd54ca8739b309ec4fc024de578b",
        "type": "github"
      },
      "original": {
        "owner": "numtide",
        "repo": "flake-utils",
        "type": "github"
      }
    },
    "utils_6": {
      "inputs": {
        "systems": "systems_6"
      },
      "locked": {
        "lastModified": 1731533236,
        "narHash": "sha256-l0KFg5HjrsfsO/JpG+r7fRrqm12kzFHyUHqHCVpMMbI=",
        "owner": "numtide",
        "repo": "flake-utils",
        "rev": "11707dc2f618dd54ca8739b309ec4fc024de578b",
        "type": "github"
      },
      "original": {
        "owner": "numtide",
        "repo": "flake-utils",
        "type": "github"
      }
    },
    "utils_7": {
      "inputs": {
        "systems": "systems_7"
      },
      "locked": {
        "lastModified": 1731533236,
        "narHash": "sha256-l0KFg5HjrsfsO/JpG+r7fRrqm12kzFHyUHqHCVpMMbI=",
        "owner": "numtide",
        "repo": "flake-utils",
        "rev": "11707dc2f618dd54ca8739b309ec4fc024de578b",
        "type": "github"
      },
      "original": {
        "owner": "numtide",
        "repo": "flake-utils",
        "type": "github"
      }
    },
    "zkir": {
      "inputs": {
        "fenix": "fenix_2",
        "inclusive": "inclusive_3",
        "nixpkgs": "nixpkgs_7",
        "utils": "utils_4"
      },
      "locked": {
        "lastModified": 1789384455,
        "narHash": "sha256-w/f0Vs2DanTB2c+j3MFZ+eIknkLIhvoivhGJgMCL+EA=",
        "owner": "midnightntwrk",
        "repo": "midnight-ledger",
        "rev": "a3b17c6a5ef632790f78e7b44bef5e4ab232dbf4",
        "type": "github"
      },
      "original": {
        "owner": "midnightntwrk",
        "ref": "ledger-10",
        "repo": "midnight-ledger",
        "type": "github"
      }
    },
    "zkir-v3": {
      "inputs": {
        "fenix": "fenix_3",
        "inclusive": "inclusive_4",
        "nixpkgs": "nixpkgs_9",
        "utils": "utils_5"
      },
      "locked": {
        "lastModified": 1789529240,
        "narHash": "sha256-i5LWATnrVGyTWlO3YuPMNoa1qJpw6MbuO+g8CKbrKRM=",
        "owner": "midnightntwrk",
        "repo": "midnight-zkir",
        "rev": "93a8c574a36b96359ad5841859e7ad6ce4e386c7",
        "type": "github"
      },
      "original": {
        "owner": "midnightntwrk",
        "ref": "JosephDenman/verify-proof",
        "repo": "midnight-zkir",
        "type": "github"
      }
    },
    "zkir-v3-wasm": {
      "inputs": {
        "fenix": "fenix_4",
        "inclusive": "inclusive_5",
        "nixpkgs": "nixpkgs_11",
        "utils": "utils_6"
      },
      "locked": {
        "lastModified": 1789529240,
        "narHash": "sha256-i5LWATnrVGyTWlO3YuPMNoa1qJpw6MbuO+g8CKbrKRM=",
        "owner": "midnightntwrk",
        "repo": "midnight-zkir",
        "rev": "93a8c574a36b96359ad5841859e7ad6ce4e386c7",
        "type": "github"
      },
      "original": {
        "owner": "midnightntwrk",
        "ref": "JosephDenman/verify-proof",
        "repo": "midnight-zkir",
        "type": "github"
      }
    },
    "zkir-wasm": {
      "inputs": {
        "fenix": "fenix_5",
        "inclusive": "inclusive_6",
        "nixpkgs": "nixpkgs_13",
        "utils": "utils_7"
      },
      "locked": {
        "lastModified": 1789384455,
        "narHash": "sha256-w/f0Vs2DanTB2c+j3MFZ+eIknkLIhvoivhGJgMCL+EA=",
        "owner": "midnightntwrk",
        "repo": "midnight-ledger",
        "rev": "a3b17c6a5ef632790f78e7b44bef5e4ab232dbf4",
        "type": "github"
      },
      "original": {
        "owner": "midnightntwrk",
        "ref": "ledger-10",
        "repo": "midnight-ledger",
        "type": "github"
      }
    }
  },
  "root": "root",
  "version": 7
}
